
Microsoft Visual Studio Solution File, Format Version 12.00
# Visual Studio 15
VisualStudioVersion = 15.0.28307.271
MinimumVisualStudioVersion = 10.0.40219.1
Project("{FAE04EC0-301F-11D3-BF4B-00C04F79EFBC}") = "Demo", "Demo\Demo.csproj", "{F6457D4B-4CD9-4735-A0CB-BA62DEE87234}"
EndProject
Project("{FAE04EC0-301F-11D3-BF4B-00C04F79EFBC}") = "Work", "Work\Work.csproj", "{BE2D86F8-3C72-477E-901C-AA6F80725E77}"
EndProject
Project("{FAE04EC0-301F-11D3-BF4B-00C04F79EFBC}") = "UnitTestProject", "UnitTestProject\UnitTestProject.csproj", "{3BE4AACA-42EB-4AA5-9E76-4650B911BA76}"
EndProject
Global
	GlobalSection(SolutionConfigurationPlatforms) = preSolution
		Debug|Any CPU = Debug|Any CPU
		Release|Any CPU = Release|Any CPU
	EndGlobalSection
	GlobalSection(ProjectConfigurationPlatforms) = postSolution
		{F6457D4B-4CD9-4735-A0CB-BA62DEE87234}.Debug|Any CPU.ActiveCfg = Debug|Any CPU
		{F6457D4B-4CD9-4735-A0CB-BA62DEE87234}.Debug|Any CPU.Build.0 = Debug|Any CPU
		{F6457D4B-4CD9-4735-A0CB-BA62DEE87234}.Release|Any CPU.ActiveCfg = Release|Any CPU
		{F6457D4B-4CD9-4735-A0CB-BA62DEE87234}.Release|Any CPU.Build.0 = Release|Any CPU
		{BE2D86F8-3C72-477E-901C-AA6F80725E77}.Debug|Any CPU.ActiveCfg = Debug|Any CPU
		{BE2D86F8-3C72-477E-901C-AA6F80725E77}.Debug|Any CPU.Build.0 = Debug|Any CPU
		{BE2D86F8-3C72-477E-901C-AA6F80725E77}.Release|Any CPU.ActiveCfg = Release|Any CPU
		{BE2D86F8-3C72-477E-901C-AA6F80725E77}.Release|Any CPU.Build.0 = Release|Any CPU
		{3BE4AACA-42EB-4AA5-9E76-4650B911BA76}.Debug|Any CPU.ActiveCfg = Debug|Any CPU
		{3BE4AACA-42EB-4AA5-9E76-4650B911BA76}.Debug|Any CPU.Build.0 = Debug|Any CPU
		{3BE4AACA-42EB-4AA5-9E76-4650B911BA76}.Release|Any CPU.ActiveCfg = Release|Any CPU
		{3BE4AACA-42EB-4AA5-9E76-4650B911BA76}.Release|Any CPU.Build.0 = Release|Any CPU
	EndGlobalSection
	GlobalSection(SolutionProperties) = preSolution
		HideSolutionNode = FALSE
	EndGlobalSection
	GlobalSection(ExtensibilityGlobals) = postSolution
		SolutionGuid = {B399BF86-DAF8-468E-92BB-DAA83CCE3546}
	EndGlobalSection
EndGlobal
